
Microsoft Visual Studio Solution File, Format Version 12.00
# Visual Studio Version 16
VisualStudioVersion = 16.0.31424.327
MinimumVisualStudioVersion = 10.0.40219.1
Project("{2150E333-8FDC-42A3-9474-1A3956D46DE8}") = "src", "src", "{6C4E35E1-5AEE-4949-8ADE-6D00B7270D5A}"
	ProjectSection(SolutionItems) = preProject
		src\Directory.Build.props = src\Directory.Build.props
	EndProjectSection
EndProject
Project("{FAE04EC0-301F-11D3-BF4B-00C04F79EFBC}") = "TeleCore", "src\TeleCore\TeleCore.csproj", "{E720304B-41A9-4557-BCF1-50896A31605E}"
EndProject
Project("{2150E333-8FDC-42A3-9474-1A3956D46DE8}") = "scripts", "scripts", "{1A5DC915-2309-40A6-9E12-EF2D3DE5EA4F}"
EndProject
Project("{FAE04EC0-301F-11D3-BF4B-00C04F79EFBC}") = "ProjBuilder", "scripts\ProjBuilder\ProjBuilder.csproj", "{A2C28F0F-CA6F-46F6-8D94-E7FC1E89CDFB}"
EndProject
Project("{FAE04EC0-301F-11D3-BF4B-00C04F79EFBC}") = "TeleCore.Events", "src\TeleCore.Events\TeleCore.Events.csproj", "{26736E3E-A2DB-4ADC-B7EC-1F79B9BB4318}"
EndProject
Project("{FAE04EC0-301F-11D3-BF4B-00C04F79EFBC}") = "TeleCore.PipeNetwork", "src\TeleCore.PipeNetwork\TeleCore.PipeNetwork.csproj", "{0196FE2E-C5CF-4FC9-A6F4-F0CF5DF8D8DE}"
EndProject
Project("{FAE04EC0-301F-11D3-BF4B-00C04F79EFBC}") = "TeleCore.Shared", "src\TeleCore.Shared\TeleCore.Shared.csproj", "{E6A7FE34-6C55-4135-916E-617181C5A3D3}"
EndProject
Project("{FAE04EC0-301F-11D3-BF4B-00C04F79EFBC}") = "TeleCore.AssetLoader", "src\TeleCore.AssetLoader\TeleCore.AssetLoader.csproj", "{99389172-C4F7-42B4-8160-3177EAD488D1}"
EndProject
Project("{FAE04EC0-301F-11D3-BF4B-00C04F79EFBC}") = "TeleCore.Loader", "src\TeleCore.Loader\TeleCore.Loader.csproj", "{A21AB6BA-F3C9-445E-970B-BB300AE827E6}"
EndProject
Project("{FAE04EC0-301F-11D3-BF4B-00C04F79EFBC}") = "TeleCore.RWDevTools", "src\TeleCore.RWDevTools\TeleCore.RWDevTools.csproj", "{3CC1AAAF-748F-48B8-B6A9-9A6B112D4889}"
EndProject
Project("{FAE04EC0-301F-11D3-BF4B-00C04F79EFBC}") = "TeleCore.UI", "src\TeleCore.UI\TeleCore.UI.csproj", "{00C0D1EF-53D4-4BBC-873E-0FB28A0660C0}"
EndProject
Project("{FAE04EC0-301F-11D3-BF4B-00C04F79EFBC}") = "TeleCore.RWExtensions", "src\TeleCore.RWExtensions\TeleCore.RWExtensions.csproj", "{C2677CEE-7FE2-452A-9688-61385906FA05}"
EndProject
Project("{FAE04EC0-301F-11D3-BF4B-00C04F79EFBC}") = "TeleCore.BuildMenu", "src\TeleCore.BuildMenu\TeleCore.BuildMenu.csproj", "{B0ABF335-973C-4CC0-B6BD-80633473546D}"
EndProject
Project("{FAE04EC0-301F-11D3-BF4B-00C04F79EFBC}") = "TeleCore.Patching", "src\TeleCore.Patching\TeleCore.Patching.csproj", "{D91B2D5B-A4BA-4AD7-A5A9-C8299E23EB77}"
EndProject
Global
	GlobalSection(SolutionConfigurationPlatforms) = preSolution
		Debug|Any CPU = Debug|Any CPU
		Release|Any CPU = Release|Any CPU
	EndGlobalSection
	GlobalSection(ProjectConfigurationPlatforms) = postSolution
		{E720304B-41A9-4557-BCF1-50896A31605E}.Debug|Any CPU.ActiveCfg = Debug|Any CPU
		{E720304B-41A9-4557-BCF1-50896A31605E}.Debug|Any CPU.Build.0 = Debug|Any CPU
		{E720304B-41A9-4557-BCF1-50896A31605E}.Release|Any CPU.ActiveCfg = Release|Any CPU
		{E720304B-41A9-4557-BCF1-50896A31605E}.Release|Any CPU.Build.0 = Release|Any CPU
		{A2C28F0F-CA6F-46F6-8D94-E7FC1E89CDFB}.Debug|Any CPU.ActiveCfg = Debug|Any CPU
		{A2C28F0F-CA6F-46F6-8D94-E7FC1E89CDFB}.Debug|Any CPU.Build.0 = Debug|Any CPU
		{A2C28F0F-CA6F-46F6-8D94-E7FC1E89CDFB}.Release|Any CPU.ActiveCfg = Release|Any CPU
		{A2C28F0F-CA6F-46F6-8D94-E7FC1E89CDFB}.Release|Any CPU.Build.0 = Release|Any CPU
		{26736E3E-A2DB-4ADC-B7EC-1F79B9BB4318}.Debug|Any CPU.ActiveCfg = Debug|Any CPU
		{26736E3E-A2DB-4ADC-B7EC-1F79B9BB4318}.Debug|Any CPU.Build.0 = Debug|Any CPU
		{26736E3E-A2DB-4ADC-B7EC-1F79B9BB4318}.Release|Any CPU.ActiveCfg = Release|Any CPU
		{26736E3E-A2DB-4ADC-B7EC-1F79B9BB4318}.Release|Any CPU.Build.0 = Release|Any CPU
		{0196FE2E-C5CF-4FC9-A6F4-F0CF5DF8D8DE}.Debug|Any CPU.ActiveCfg = Debug|Any CPU
		{0196FE2E-C5CF-4FC9-A6F4-F0CF5DF8D8DE}.Debug|Any CPU.Build.0 = Debug|Any CPU
		{0196FE2E-C5CF-4FC9-A6F4-F0CF5DF8D8DE}.Release|Any CPU.ActiveCfg = Release|Any CPU
		{0196FE2E-C5CF-4FC9-A6F4-F0CF5DF8D8DE}.Release|Any CPU.Build.0 = Release|Any CPU
		{E6A7FE34-6C55-4135-916E-617181C5A3D3}.Debug|Any CPU.ActiveCfg = Debug|Any CPU
		{E6A7FE34-6C55-4135-916E-617181C5A3D3}.Debug|Any CPU.Build.0 = Debug|Any CPU
		{E6A7FE34-6C55-4135-916E-617181C5A3D3}.Release|Any CPU.ActiveCfg = Release|Any CPU
		{E6A7FE34-6C55-4135-916E-617181C5A3D3}.Release|Any CPU.Build.0 = Release|Any CPU
		{99389172-C4F7-42B4-8160-3177EAD488D1}.Debug|Any CPU.ActiveCfg = Debug|Any CPU
		{99389172-C4F7-42B4-8160-3177EAD488D1}.Debug|Any CPU.Build.0 = Debug|Any CPU
		{99389172-C4F7-42B4-8160-3177EAD488D1}.Release|Any CPU.ActiveCfg = Release|Any CPU
		{99389172-C4F7-42B4-8160-3177EAD488D1}.Release|Any CPU.Build.0 = Release|Any CPU
		{A21AB6BA-F3C9-445E-970B-BB300AE827E6}.Debug|Any CPU.ActiveCfg = Debug|Any CPU
		{A21AB6BA-F3C9-445E-970B-BB300AE827E6}.Debug|Any CPU.Build.0 = Debug|Any CPU
		{A21AB6BA-F3C9-445E-970B-BB300AE827E6}.Release|Any CPU.ActiveCfg = Release|Any CPU
		{A21AB6BA-F3C9-445E-970B-BB300AE827E6}.Release|Any CPU.Build.0 = Release|Any CPU
		{3CC1AAAF-748F-48B8-B6A9-9A6B112D4889}.Debug|Any CPU.ActiveCfg = Debug|Any CPU
		{3CC1AAAF-748F-48B8-B6A9-9A6B112D4889}.Debug|Any CPU.Build.0 = Debug|Any CPU
		{3CC1AAAF-748F-48B8-B6A9-9A6B112D4889}.Release|Any CPU.ActiveCfg = Release|Any CPU
		{3CC1AAAF-748F-48B8-B6A9-9A6B112D4889}.Release|Any CPU.Build.0 = Release|Any CPU
		{00C0D1EF-53D4-4BBC-873E-0FB28A0660C0}.Debug|Any CPU.ActiveCfg = Debug|Any CPU
		{00C0D1EF-53D4-4BBC-873E-0FB28A0660C0}.Debug|Any CPU.Build.0 = Debug|Any CPU
		{00C0D1EF-53D4-4BBC-873E-0FB28A0660C0}.Release|Any CPU.ActiveCfg = Release|Any CPU
		{00C0D1EF-53D4-4BBC-873E-0FB28A0660C0}.Release|Any CPU.Build.0 = Release|Any CPU
		{C2677CEE-7FE2-452A-9688-61385906FA05}.Debug|Any CPU.ActiveCfg = Debug|Any CPU
		{C2677CEE-7FE2-452A-9688-61385906FA05}.Debug|Any CPU.Build.0 = Debug|Any CPU
		{C2677CEE-7FE2-452A-9688-61385906FA05}.Release|Any CPU.ActiveCfg = Release|Any CPU
		{C2677CEE-7FE2-452A-9688-61385906FA05}.Release|Any CPU.Build.0 = Release|Any CPU
		{B0ABF335-973C-4CC0-B6BD-80633473546D}.Debug|Any CPU.ActiveCfg = Debug|Any CPU
		{B0ABF335-973C-4CC0-B6BD-80633473546D}.Debug|Any CPU.Build.0 = Debug|Any CPU
		{B0ABF335-973C-4CC0-B6BD-80633473546D}.Release|Any CPU.ActiveCfg = Release|Any CPU
		{B0ABF335-973C-4CC0-B6BD-80633473546D}.Release|Any CPU.Build.0 = Release|Any CPU
		{D91B2D5B-A4BA-4AD7-A5A9-C8299E23EB77}.Debug|Any CPU.ActiveCfg = Debug|Any CPU
		{D91B2D5B-A4BA-4AD7-A5A9-C8299E23EB77}.Debug|Any CPU.Build.0 = Debug|Any CPU
		{D91B2D5B-A4BA-4AD7-A5A9-C8299E23EB77}.Release|Any CPU.ActiveCfg = Release|Any CPU
		{D91B2D5B-A4BA-4AD7-A5A9-C8299E23EB77}.Release|Any CPU.Build.0 = Release|Any CPU
	EndGlobalSection
	GlobalSection(SolutionProperties) = preSolution
		HideSolutionNode = FALSE
	EndGlobalSection
	GlobalSection(ExtensibilityGlobals) = postSolution
		SolutionGuid = {9BFC0590-9DFD-4553-81CB-1645444FD553}
	EndGlobalSection
	GlobalSection(NestedProjects) = preSolution
		{E720304B-41A9-4557-BCF1-50896A31605E} = {6C4E35E1-5AEE-4949-8ADE-6D00B7270D5A}
		{A2C28F0F-CA6F-46F6-8D94-E7FC1E89CDFB} = {1A5DC915-2309-40A6-9E12-EF2D3DE5EA4F}
		{26736E3E-A2DB-4ADC-B7EC-1F79B9BB4318} = {6C4E35E1-5AEE-4949-8ADE-6D00B7270D5A}
		{0196FE2E-C5CF-4FC9-A6F4-F0CF5DF8D8DE} = {6C4E35E1-5AEE-4949-8ADE-6D00B7270D5A}
		{E6A7FE34-6C55-4135-916E-617181C5A3D3} = {6C4E35E1-5AEE-4949-8ADE-6D00B7270D5A}
		{99389172-C4F7-42B4-8160-3177EAD488D1} = {6C4E35E1-5AEE-4949-8ADE-6D00B7270D5A}
		{A21AB6BA-F3C9-445E-970B-BB300AE827E6} = {6C4E35E1-5AEE-4949-8ADE-6D00B7270D5A}
		{3CC1AAAF-748F-48B8-B6A9-9A6B112D4889} = {6C4E35E1-5AEE-4949-8ADE-6D00B7270D5A}
		{00C0D1EF-53D4-4BBC-873E-0FB28A0660C0} = {6C4E35E1-5AEE-4949-8ADE-6D00B7270D5A}
		{C2677CEE-7FE2-452A-9688-61385906FA05} = {6C4E35E1-5AEE-4949-8ADE-6D00B7270D5A}
		{B0ABF335-973C-4CC0-B6BD-80633473546D} = {6C4E35E1-5AEE-4949-8ADE-6D00B7270D5A}
		{D91B2D5B-A4BA-4AD7-A5A9-C8299E23EB77} = {6C4E35E1-5AEE-4949-8ADE-6D00B7270D5A}
	EndGlobalSection
EndGlobal
